<?xml version="1.0" encoding="utf-8"?>
<Project ToolsVersion="4.0" xmlns="http://schemas.microsoft.com/developer/msbuild/2003">
  <ItemGroup>
    <Filter Include="Quelldateien">
      <UniqueIdentifier>{4FC737F1-C7A5-4376-A066-2A32D752A2FF}</UniqueIdentifier>
      <Extensions>cpp;c;cc;cxx;def;odl;idl;hpj;bat;asm;asmx</Extensions>
    </Filter>
    <Filter Include="Headerdateien">
      <UniqueIdentifier>{93995380-89BD-4b04-88EB-625FBE52EBFB}</UniqueIdentifier>
      <Extensions>h;hh;hpp;hxx;hm;inl;inc;xsd</Extensions>
    </Filter>
    <Filter Include="Ressourcendateien">
      <UniqueIdentifier>{67DA6AB6-F800-4c08-8B7A-83BB121AAD01}</UniqueIdentifier>
      <Extensions>rc;ico;cur;bmp;dlg;rc2;rct;bin;rgs;gif;jpg;jpeg;jpe;resx;tiff;tif;png;wav;mfcribbon-ms</Extensions>
    </Filter>
    <Filter Include="Headerdateien\Logger">
      <UniqueIdentifier>{2675cc6b-d220-4abb-8042-b8d4f1849428}</UniqueIdentifier>
    </Filter>
    <Filter Include="Quelldateien\Logger">
      <UniqueIdentifier>{9bf21418-00ea-4b26-a7ab-1a9a846048b5}</UniqueIdentifier>
    </Filter>
    <Filter Include="Headerdateien\MetaChain">
      <UniqueIdentifier>{8568985c-d503-4842-b788-108b2d0d7eb0}</UniqueIdentifier>
    </Filter>
    <Filter Include="Quelldateien\MetaChain">
      <UniqueIdentifier>{b0e541b9-94d7-40f9-8853-6bb8dc632fed}</UniqueIdentifier>
    </Filter>
    <Filter Include="Headerdateien\MetaChain\Network">
      <UniqueIdentifier>{3704ea5b-4eb2-432f-9c21-0ddf03f2d987}</UniqueIdentifier>
    </Filter>
    <Filter Include="Quelldateien\MetaChain\Network">
      <UniqueIdentifier>{e39a9f6e-eadb-46ff-b786-65c784dca28f}</UniqueIdentifier>
    </Filter>
  </ItemGroup>
  <ItemGroup>
    <ClInclude Include="stdafx.h">
      <Filter>Headerdateien</Filter>
    </ClInclude>
    <ClInclude Include="targetver.h">
      <Filter>Headerdateien</Filter>
    </ClInclude>
    <ClInclude Include="src\external\SimpleIni.h">
      <Filter>Headerdateien</Filter>
    </ClInclude>
    <ClInclude Include="src\defines.h">
      <Filter>Headerdateien</Filter>
    </ClInclude>
    <ClInclude Include="src\logger.h">
      <Filter>Headerdateien\Logger</Filter>
    </ClInclude>
    <ClInclude Include="src\network\NetworkManager.h">
      <Filter>Headerdateien\MetaChain\Network</Filter>
    </ClInclude>
    <ClInclude Include="src\MetaChain.h">
      <Filter>Headerdateien\MetaChain</Filter>
    </ClInclude>
  </ItemGroup>
  <ItemGroup>
    <ClCompile Include="stdafx.cpp">
      <Filter>Quelldateien</Filter>
    </ClCompile>
    <ClCompile Include="node.cpp">
      <Filter>Quelldateien</Filter>
    </ClCompile>
    <ClCompile Include="src\network\NetworkManager.cpp">
      <Filter>Quelldateien\MetaChain\Network</Filter>
    </ClCompile>
    <ClCompile Include="src\MetaChain.cpp">
      <Filter>Quelldateien\MetaChain</Filter>
    </ClCompile>
    <ClCompile Include="src\logger.cpp">
      <Filter>Quelldateien\Logger</Filter>
    </ClCompile>
  </ItemGroup>
</Project>