<?xml version="1.0" encoding="utf-8"?>
<Project ToolsVersion="4.0" xmlns="http://schemas.microsoft.com/developer/msbuild/2003">
  <ItemGroup>
    <Filter Include="Quelldateien">
      <UniqueIdentifier>{4FC737F1-C7A5-4376-A066-2A32D752A2FF}</UniqueIdentifier>
      <Extensions>cpp;c;cc;cxx;def;odl;idl;hpj;bat;asm;asmx</Extensions>
    </Filter>
    <Filter Include="Headerdateien">
      <UniqueIdentifier>{93995380-89BD-4b04-88EB-625FBE52EBFB}</UniqueIdentifier>
      <Extensions>h;hh;hpp;hxx;hm;inl;inc;xsd</Extensions>
    </Filter>
    <Filter Include="Ressourcendateien">
      <UniqueIdentifier>{67DA6AB6-F800-4c08-8B7A-83BB121AAD01}</UniqueIdentifier>
      <Extensions>rc;ico;cur;bmp;dlg;rc2;rct;bin;rgs;gif;jpg;jpeg;jpe;resx;tiff;tif;png;wav;mfcribbon-ms</Extensions>
    </Filter>
    <Filter Include="Headerdateien\Logger">
      <UniqueIdentifier>{2675cc6b-d220-4abb-8042-b8d4f1849428}</UniqueIdentifier>
    </Filter>
    <Filter Include="Quelldateien\Logger">
      <UniqueIdentifier>{9bf21418-00ea-4b26-a7ab-1a9a846048b5}</UniqueIdentifier>
    </Filter>
    <Filter Include="Headerdateien\MetaChain">
      <UniqueIdentifier>{8568985c-d503-4842-b788-108b2d0d7eb0}</UniqueIdentifier>
    </Filter>
    <Filter Include="Quelldateien\MetaChain">
      <UniqueIdentifier>{b0e541b9-94d7-40f9-8853-6bb8dc632fed}</UniqueIdentifier>
    </Filter>
    <Filter Include="Headerdateien\MetaChain\Network">
      <UniqueIdentifier>{3704ea5b-4eb2-432f-9c21-0ddf03f2d987}</UniqueIdentifier>
    </Filter>
    <Filter Include="Quelldateien\MetaChain\Network">
      <UniqueIdentifier>{e39a9f6e-eadb-46ff-b786-65c784dca28f}</UniqueIdentifier>
    </Filter>
    <Filter Include="Headerdateien\crypto">
      <UniqueIdentifier>{12e56a8c-08a0-479a-b821-aba41667cc4e}</UniqueIdentifier>
    </Filter>
    <Filter Include="Quelldateien\crypto">
      <UniqueIdentifier>{fdc1941e-3382-4506-a34f-5a97bdec9b37}</UniqueIdentifier>
    </Filter>
    <Filter Include="Quelldateien\crypto\ctaes">
      <UniqueIdentifier>{a5763f89-6799-41fc-b93f-217e06a9ee15}</UniqueIdentifier>
    </Filter>
    <Filter Include="Headerdateien\crypto\ctaes">
      <UniqueIdentifier>{0693a8b4-e7c0-4016-8c30-162d7b075f9c}</UniqueIdentifier>
    </Filter>
    <Filter Include="Headerdateien\IO">
      <UniqueIdentifier>{62614215-b6ee-4cfd-8cf7-d781436465f5}</UniqueIdentifier>
    </Filter>
    <Filter Include="Quelldateien\IO">
      <UniqueIdentifier>{b25a3d66-d4ff-4216-ba70-b6e082b11b61}</UniqueIdentifier>
    </Filter>
    <Filter Include="Headerdateien\IO\db">
      <UniqueIdentifier>{611bc441-6468-4e5a-864f-00180ad26694}</UniqueIdentifier>
    </Filter>
    <Filter Include="Quelldateien\IO\db">
      <UniqueIdentifier>{9f4a48b8-1e4b-4b87-95f5-97734c379fe8}</UniqueIdentifier>
    </Filter>
    <Filter Include="Headerdateien\IO\zip">
      <UniqueIdentifier>{c0f7dd39-4e71-424b-be31-0f71a41b2a32}</UniqueIdentifier>
    </Filter>
    <Filter Include="Quelldateien\IO\zip">
      <UniqueIdentifier>{e3f13dfc-a37f-4022-8a7f-b31efa522204}</UniqueIdentifier>
    </Filter>
    <Filter Include="Headerdateien\MCP">
      <UniqueIdentifier>{77b413bf-cc64-4358-9ce9-298e31f9328a}</UniqueIdentifier>
    </Filter>
    <Filter Include="Headerdateien\MCP\MCP01">
      <UniqueIdentifier>{ebda960a-e926-41df-86a0-1f62113e0ee9}</UniqueIdentifier>
    </Filter>
    <Filter Include="Headerdateien\MCP\MCP39">
      <UniqueIdentifier>{c521d5c7-584e-4ab4-bde7-fb812df45e4b}</UniqueIdentifier>
    </Filter>
    <Filter Include="Quelldateien\MCP">
      <UniqueIdentifier>{b5022235-c3ac-42dc-8686-3a12de3d0b4f}</UniqueIdentifier>
    </Filter>
    <Filter Include="Quelldateien\MCP\MCP01">
      <UniqueIdentifier>{9de54bb2-9c86-4403-8d6c-787adb84415b}</UniqueIdentifier>
    </Filter>
    <Filter Include="Quelldateien\MCP\MCP39">
      <UniqueIdentifier>{47d40750-4962-415b-be6d-9239b2bce2ad}</UniqueIdentifier>
    </Filter>
    <Filter Include="Headerdateien\MCP\MCP02">
      <UniqueIdentifier>{2a708dba-2c8a-4bfa-b65f-2eed149bfa50}</UniqueIdentifier>
    </Filter>
    <Filter Include="Quelldateien\MCP\MCP02">
      <UniqueIdentifier>{f01146ce-f013-43a0-9cc1-26d42b98fa4e}</UniqueIdentifier>
    </Filter>
    <Filter Include="Headerdateien\MCP\MCP03">
      <UniqueIdentifier>{ca40f2ff-1d80-4d3c-af79-4e5b75955fe9}</UniqueIdentifier>
    </Filter>
    <Filter Include="Quelldateien\MCP\MCP03">
      <UniqueIdentifier>{3fb5c1ae-1600-4be0-a264-22d9849f3a23}</UniqueIdentifier>
    </Filter>
    <Filter Include="Headerdateien\MCP\MCP04">
      <UniqueIdentifier>{bada4696-1a63-4c54-9060-b1ef6dd66306}</UniqueIdentifier>
    </Filter>
    <Filter Include="Quelldateien\MCP\MCP04">
      <UniqueIdentifier>{653e8546-0c7a-4d47-948d-a313f64ea88c}</UniqueIdentifier>
    </Filter>
    <Filter Include="Headerdateien\MCP\MCP04\MC">
      <UniqueIdentifier>{1368ba8c-92fb-410c-9259-0ef47a630047}</UniqueIdentifier>
    </Filter>
    <Filter Include="Quelldateien\MCP\MCP04\MC">
      <UniqueIdentifier>{b700ee64-3879-4fe7-9ba7-e0c3597bd829}</UniqueIdentifier>
    </Filter>
  </ItemGroup>
  <ItemGroup>
    <ClInclude Include="targetver.h">
      <Filter>Headerdateien</Filter>
    </ClInclude>
    <ClInclude Include="src\SimpleIni.h">
      <Filter>Headerdateien</Filter>
    </ClInclude>
    <ClInclude Include="src\defines.h">
      <Filter>Headerdateien</Filter>
    </ClInclude>
    <ClInclude Include="src\logger.h">
      <Filter>Headerdateien\Logger</Filter>
    </ClInclude>
    <ClInclude Include="src\network\NetworkManager.h">
      <Filter>Headerdateien\MetaChain\Network</Filter>
    </ClInclude>
    <ClInclude Include="src\MetaChain.h">
      <Filter>Headerdateien\MetaChain</Filter>
    </ClInclude>
    <ClInclude Include="src\network\CNetAddr.h">
      <Filter>Headerdateien\MetaChain\Network</Filter>
    </ClInclude>
    <ClInclude Include="src\network\CSubNet.h">
      <Filter>Headerdateien\MetaChain\Network</Filter>
    </ClInclude>
    <ClInclude Include="src\network\CService.h">
      <Filter>Headerdateien\MetaChain\Network</Filter>
    </ClInclude>
    <ClInclude Include="src\tinyformat.h">
      <Filter>Headerdateien</Filter>
    </ClInclude>
    <ClInclude Include="src\uint256.h">
      <Filter>Headerdateien</Filter>
    </ClInclude>
    <ClInclude Include="src\endian.h">
      <Filter>Headerdateien</Filter>
    </ClInclude>
    <ClInclude Include="src\byteswap.h">
      <Filter>Headerdateien</Filter>
    </ClInclude>
    <ClInclude Include="src\hash.h">
      <Filter>Headerdateien</Filter>
    </ClInclude>
    <ClInclude Include="src\crypto\hmac_sha256.h">
      <Filter>Headerdateien\crypto</Filter>
    </ClInclude>
    <ClInclude Include="src\crypto\hmac_sha512.h">
      <Filter>Headerdateien\crypto</Filter>
    </ClInclude>
    <ClInclude Include="src\crypto\ripemd160.h">
      <Filter>Headerdateien\crypto</Filter>
    </ClInclude>
    <ClInclude Include="src\crypto\sha1.h">
      <Filter>Headerdateien\crypto</Filter>
    </ClInclude>
    <ClInclude Include="src\crypto\sha256.h">
      <Filter>Headerdateien\crypto</Filter>
    </ClInclude>
    <ClInclude Include="src\crypto\sha512.h">
      <Filter>Headerdateien\crypto</Filter>
    </ClInclude>
    <ClInclude Include="src\crypto\aes.h">
      <Filter>Headerdateien\crypto</Filter>
    </ClInclude>
    <ClInclude Include="src\crypto\chacha20.h">
      <Filter>Headerdateien\crypto</Filter>
    </ClInclude>
    <ClInclude Include="src\prevector.h">
      <Filter>Headerdateien</Filter>
    </ClInclude>
    <ClInclude Include="src\utilstrencodings.h">
      <Filter>Headerdateien</Filter>
    </ClInclude>
    <ClInclude Include="src\crypto\common.h">
      <Filter>Headerdateien\crypto</Filter>
    </ClInclude>
    <ClInclude Include="src\crypto\ctaes\ctaes.h">
      <Filter>Headerdateien\crypto\ctaes</Filter>
    </ClInclude>
    <ClInclude Include="src\cThreadInterrupt.h">
      <Filter>Headerdateien</Filter>
    </ClInclude>
    <ClInclude Include="src\functions.h">
      <Filter>Headerdateien</Filter>
    </ClInclude>
    <ClInclude Include="src\scheduler.h">
      <Filter>Headerdateien</Filter>
    </ClInclude>
    <ClInclude Include="src\random.h">
      <Filter>Headerdateien</Filter>
    </ClInclude>
    <ClInclude Include="src\reverselock.h">
      <Filter>Headerdateien</Filter>
    </ClInclude>
    <ClInclude Include="src\io\ipContainer.h">
      <Filter>Headerdateien\IO</Filter>
    </ClInclude>
    <ClInclude Include="src\io\netPeers.h">
      <Filter>Headerdateien\IO</Filter>
    </ClInclude>
    <ClInclude Include="src\cSemaphore.h">
      <Filter>Headerdateien</Filter>
    </ClInclude>
    <ClInclude Include="src\cCriticalSection.h">
      <Filter>Headerdateien</Filter>
    </ClInclude>
    <ClInclude Include="src\network\netMessage.h">
      <Filter>Headerdateien\MetaChain\Network</Filter>
    </ClInclude>
    <ClInclude Include="src\zeroAfterFree.h">
      <Filter>Headerdateien</Filter>
    </ClInclude>
    <ClInclude Include="src\cDataStream.h">
      <Filter>Headerdateien</Filter>
    </ClInclude>
    <ClInclude Include="src\crypto\cHash256.h">
      <Filter>Headerdateien\crypto</Filter>
    </ClInclude>
    <ClInclude Include="src\ArgsManager.h">
      <Filter>Headerdateien</Filter>
    </ClInclude>
    <ClInclude Include="src\io\StorageManager.h">
      <Filter>Headerdateien\IO</Filter>
    </ClInclude>
    <ClInclude Include="src\io\db\dbEngine.h">
      <Filter>Headerdateien\IO\db</Filter>
    </ClInclude>
    <ClInclude Include="src\io\db\mysql.h">
      <Filter>Headerdateien\IO\db</Filter>
    </ClInclude>
    <ClInclude Include="src\io\db\rdb.h">
      <Filter>Headerdateien\IO\db</Filter>
    </ClInclude>
    <ClInclude Include="src\crypto\sha3.h">
      <Filter>Headerdateien\crypto</Filter>
    </ClInclude>
    <ClInclude Include="src\io\zip\unzip.h">
      <Filter>Headerdateien\IO\zip</Filter>
    </ClInclude>
    <ClInclude Include="src\io\zip\zip.h">
      <Filter>Headerdateien\IO\zip</Filter>
    </ClInclude>
    <ClInclude Include="src\io\zip\ioapi.h">
      <Filter>Headerdateien\IO\zip</Filter>
    </ClInclude>
    <ClInclude Include="src\io\zip\zlib_unzip.h">
      <Filter>Headerdateien\IO\zip</Filter>
    </ClInclude>
    <ClInclude Include="src\io\zip\zlib_zip.h">
      <Filter>Headerdateien\IO\zip</Filter>
    </ClInclude>
    <ClInclude Include="src\io\zip\crypt.h">
      <Filter>Headerdateien\IO\zip</Filter>
    </ClInclude>
    <ClInclude Include="src\MCP\MCP01\Account.h">
      <Filter>Headerdateien\MCP\MCP01</Filter>
    </ClInclude>
    <ClInclude Include="src\MCP\MCP01\base58.h">
      <Filter>Headerdateien\MCP\MCP01</Filter>
    </ClInclude>
    <ClInclude Include="src\MCP\MCP39\dictionairy.h">
      <Filter>Headerdateien\MCP\MCP39</Filter>
    </ClInclude>
    <ClInclude Include="src\MCP\MCP39\Mnemonic.h">
      <Filter>Headerdateien\MCP\MCP39</Filter>
    </ClInclude>
    <ClInclude Include="src\MCP\array_slice.h">
      <Filter>Headerdateien\MCP</Filter>
    </ClInclude>
    <ClInclude Include="src\MCP\base16.h">
      <Filter>Headerdateien\MCP</Filter>
    </ClInclude>
    <ClInclude Include="src\MCP\MCP02\SubChainStruct.h">
      <Filter>Headerdateien\MCP\MCP02</Filter>
    </ClInclude>
    <ClInclude Include="src\MCP\MCP02\SubChainManager.h">
      <Filter>Headerdateien\MCP\MCP02</Filter>
    </ClInclude>
    <ClInclude Include="src\MCP\MCP03\Block.h">
      <Filter>Headerdateien\MCP\MCP03</Filter>
    </ClInclude>
    <ClInclude Include="src\MCP\MCP03\Transaction.h">
      <Filter>Headerdateien\MCP\MCP03</Filter>
    </ClInclude>
    <ClInclude Include="src\MCP\MCP03\txIn.h">
      <Filter>Headerdateien\MCP\MCP03</Filter>
    </ClInclude>
    <ClInclude Include="src\MCP\MCP03\txOut.h">
      <Filter>Headerdateien\MCP\MCP03</Filter>
    </ClInclude>
    <ClInclude Include="src\MCP\MCP03\txOutRef.h">
      <Filter>Headerdateien\MCP\MCP03</Filter>
    </ClInclude>
    <ClInclude Include="src\MCP\MCP04\ChainInterface.h">
      <Filter>Headerdateien\MCP\MCP04</Filter>
    </ClInclude>
    <ClInclude Include="src\MCP\MCP04\PoMC.h">
      <Filter>Headerdateien\MCP\MCP04</Filter>
    </ClInclude>
    <ClInclude Include="src\MCP\MCP04\PoT.h">
      <Filter>Headerdateien\MCP\MCP04</Filter>
    </ClInclude>
    <ClInclude Include="src\MCP\MCP04\PoS.h">
      <Filter>Headerdateien\MCP\MCP04</Filter>
    </ClInclude>
    <ClInclude Include="src\MCP\MCP04\stub.h">
      <Filter>Headerdateien\MCP\MCP04</Filter>
    </ClInclude>
    <ClInclude Include="src\MCP\MCP04\MC\mcTransaction.h">
      <Filter>Headerdateien\MCP\MCP04\MC</Filter>
    </ClInclude>
    <ClInclude Include="src\MCP\MCP04\MC\mcBlock.h">
      <Filter>Headerdateien\MCP\MCP04\MC</Filter>
    </ClInclude>
    <ClInclude Include="src\MCP\MCP04\MC\mcTxIn.h">
      <Filter>Headerdateien\MCP\MCP04\MC</Filter>
    </ClInclude>
    <ClInclude Include="src\MCP\MCP04\MC\mcActions.h">
      <Filter>Headerdateien\MCP\MCP04\MC</Filter>
    </ClInclude>
  </ItemGroup>
  <ItemGroup>
    <ClCompile Include="node.cpp">
      <Filter>Quelldateien</Filter>
    </ClCompile>
    <ClCompile Include="src\network\NetworkManager.cpp">
      <Filter>Quelldateien\MetaChain\Network</Filter>
    </ClCompile>
    <ClCompile Include="src\MetaChain.cpp">
      <Filter>Quelldateien\MetaChain</Filter>
    </ClCompile>
    <ClCompile Include="src\logger.cpp">
      <Filter>Quelldateien\Logger</Filter>
    </ClCompile>
    <ClCompile Include="src\network\CNetAddr.cpp">
      <Filter>Quelldateien\MetaChain\Network</Filter>
    </ClCompile>
    <ClCompile Include="src\network\CService.cpp">
      <Filter>Quelldateien\MetaChain\Network</Filter>
    </ClCompile>
    <ClCompile Include="src\network\CSubnet.cpp">
      <Filter>Quelldateien\MetaChain\Network</Filter>
    </ClCompile>
    <ClCompile Include="src\uint256.cpp">
      <Filter>Quelldateien</Filter>
    </ClCompile>
    <ClCompile Include="src\hash.cpp">
      <Filter>Quelldateien</Filter>
    </ClCompile>
    <ClCompile Include="src\crypto\hmac_sha512.cpp">
      <Filter>Quelldateien\crypto</Filter>
    </ClCompile>
    <ClCompile Include="src\crypto\ripemd160.cpp">
      <Filter>Quelldateien\crypto</Filter>
    </ClCompile>
    <ClCompile Include="src\crypto\sha1.cpp">
      <Filter>Quelldateien\crypto</Filter>
    </ClCompile>
    <ClCompile Include="src\crypto\sha256.cpp">
      <Filter>Quelldateien\crypto</Filter>
    </ClCompile>
    <ClCompile Include="src\crypto\sha512.cpp">
      <Filter>Quelldateien\crypto</Filter>
    </ClCompile>
    <ClCompile Include="src\crypto\aes.cpp">
      <Filter>Quelldateien\crypto</Filter>
    </ClCompile>
    <ClCompile Include="src\crypto\chacha20.cpp">
      <Filter>Quelldateien\crypto</Filter>
    </ClCompile>
    <ClCompile Include="src\crypto\hmac_sha256.cpp">
      <Filter>Quelldateien\crypto</Filter>
    </ClCompile>
    <ClCompile Include="src\utilstrencodings.cpp">
      <Filter>Quelldateien</Filter>
    </ClCompile>
    <ClCompile Include="src\crypto\ctaes\ctaes.c">
      <Filter>Quelldateien\crypto\ctaes</Filter>
    </ClCompile>
    <ClCompile Include="src\cThreadInterrupt.cpp">
      <Filter>Quelldateien</Filter>
    </ClCompile>
    <ClCompile Include="src\functions.cpp">
      <Filter>Quelldateien</Filter>
    </ClCompile>
    <ClCompile Include="src\scheduler.cpp">
      <Filter>Quelldateien</Filter>
    </ClCompile>
    <ClCompile Include="src\random.cpp">
      <Filter>Quelldateien</Filter>
    </ClCompile>
    <ClCompile Include="src\io\netPeers.cpp">
      <Filter>Quelldateien\IO</Filter>
    </ClCompile>
    <ClCompile Include="src\network\netMessage.cpp">
      <Filter>Quelldateien\MetaChain\Network</Filter>
    </ClCompile>
    <ClCompile Include="src\ArgsManager.cpp">
      <Filter>Quelldateien</Filter>
    </ClCompile>
    <ClCompile Include="src\io\StorageManager.cpp">
      <Filter>Quelldateien\IO</Filter>
    </ClCompile>
    <ClCompile Include="src\io\db\mysql.cpp">
      <Filter>Quelldateien\IO\db</Filter>
    </ClCompile>
    <ClCompile Include="src\io\db\rdb.cpp">
      <Filter>Quelldateien\IO\db</Filter>
    </ClCompile>
    <ClCompile Include="src\crypto\sha3.cpp">
      <Filter>Quelldateien\crypto</Filter>
    </ClCompile>
    <ClCompile Include="src\io\zip\unzip.cpp">
      <Filter>Quelldateien\IO\zip</Filter>
    </ClCompile>
    <ClCompile Include="src\io\zip\zip.cpp">
      <Filter>Quelldateien\IO\zip</Filter>
    </ClCompile>
    <ClCompile Include="src\io\zip\ioapi.c">
      <Filter>Quelldateien\IO\zip</Filter>
    </ClCompile>
    <ClCompile Include="src\io\zip\zlib_unzip.c">
      <Filter>Quelldateien\IO\zip</Filter>
    </ClCompile>
    <ClCompile Include="src\io\zip\zlib_zip.c">
      <Filter>Quelldateien\IO\zip</Filter>
    </ClCompile>
    <ClCompile Include="src\MCP\MCP01\Account.cpp">
      <Filter>Quelldateien\MCP\MCP01</Filter>
    </ClCompile>
    <ClCompile Include="src\MCP\MCP01\base58.cpp">
      <Filter>Quelldateien\MCP\MCP01</Filter>
    </ClCompile>
    <ClCompile Include="src\MCP\MCP39\dictionairy.cpp">
      <Filter>Quelldateien\MCP\MCP39</Filter>
    </ClCompile>
    <ClCompile Include="src\MCP\MCP39\Mnemonic.cpp">
      <Filter>Quelldateien\MCP\MCP39</Filter>
    </ClCompile>
    <ClCompile Include="src\MCP\base16.cpp">
      <Filter>Quelldateien\MCP</Filter>
    </ClCompile>
    <ClCompile Include="src\MCP\MCP02\SubChainManager.cpp">
      <Filter>Quelldateien\MCP\MCP02</Filter>
    </ClCompile>
    <ClCompile Include="src\MCP\MCP03\Block.cpp">
      <Filter>Quelldateien\MCP\MCP03</Filter>
    </ClCompile>
    <ClCompile Include="src\MCP\MCP03\Transaction.cpp">
      <Filter>Quelldateien\MCP\MCP03</Filter>
    </ClCompile>
    <ClCompile Include="src\MCP\MCP03\txOut.cpp">
      <Filter>Quelldateien\MCP\MCP03</Filter>
    </ClCompile>
    <ClCompile Include="src\MCP\MCP03\txIn.cpp">
      <Filter>Quelldateien\MCP\MCP03</Filter>
    </ClCompile>
    <ClCompile Include="src\MCP\MCP03\txOutRef.cpp">
      <Filter>Quelldateien\MCP\MCP03</Filter>
    </ClCompile>
    <ClCompile Include="src\MCP\MCP04\PoMC.cpp">
      <Filter>Quelldateien\MCP\MCP04</Filter>
    </ClCompile>
    <ClCompile Include="src\MCP\MCP04\PoT.cpp">
      <Filter>Quelldateien\MCP\MCP04</Filter>
    </ClCompile>
    <ClCompile Include="src\MCP\MCP04\PoS.cpp">
      <Filter>Quelldateien\MCP\MCP04</Filter>
    </ClCompile>
    <ClCompile Include="src\MCP\MCP04\MC\mcBlock.cpp">
      <Filter>Quelldateien\MCP\MCP04\MC</Filter>
    </ClCompile>
    <ClCompile Include="src\MCP\MCP04\MC\mcTransaction.cpp">
      <Filter>Quelldateien\MCP\MCP04\MC</Filter>
    </ClCompile>
    <ClCompile Include="src\MCP\MCP04\MC\mcTxIn.cpp">
      <Filter>Quelldateien\MCP\MCP04\MC</Filter>
    </ClCompile>
  </ItemGroup>
</Project>