<?xml version="1.0" encoding="utf-8"?>
<Project ToolsVersion="4.0" xmlns="http://schemas.microsoft.com/developer/msbuild/2003">
  <ItemGroup>
    <Filter Include="Quelldateien">
      <UniqueIdentifier>{4FC737F1-C7A5-4376-A066-2A32D752A2FF}</UniqueIdentifier>
      <Extensions>cpp;c;cc;cxx;def;odl;idl;hpj;bat;asm;asmx</Extensions>
    </Filter>
    <Filter Include="Headerdateien">
      <UniqueIdentifier>{93995380-89BD-4b04-88EB-625FBE52EBFB}</UniqueIdentifier>
      <Extensions>h;hh;hpp;hxx;hm;inl;inc;xsd</Extensions>
    </Filter>
    <Filter Include="Ressourcendateien">
      <UniqueIdentifier>{67DA6AB6-F800-4c08-8B7A-83BB121AAD01}</UniqueIdentifier>
      <Extensions>rc;ico;cur;bmp;dlg;rc2;rct;bin;rgs;gif;jpg;jpeg;jpe;resx;tiff;tif;png;wav;mfcribbon-ms</Extensions>
    </Filter>
    <Filter Include="Headerdateien\Logger">
      <UniqueIdentifier>{2675cc6b-d220-4abb-8042-b8d4f1849428}</UniqueIdentifier>
    </Filter>
    <Filter Include="Quelldateien\Logger">
      <UniqueIdentifier>{9bf21418-00ea-4b26-a7ab-1a9a846048b5}</UniqueIdentifier>
    </Filter>
    <Filter Include="Headerdateien\MetaChain">
      <UniqueIdentifier>{8568985c-d503-4842-b788-108b2d0d7eb0}</UniqueIdentifier>
    </Filter>
    <Filter Include="Quelldateien\MetaChain">
      <UniqueIdentifier>{b0e541b9-94d7-40f9-8853-6bb8dc632fed}</UniqueIdentifier>
    </Filter>
    <Filter Include="Headerdateien\MetaChain\Network">
      <UniqueIdentifier>{3704ea5b-4eb2-432f-9c21-0ddf03f2d987}</UniqueIdentifier>
    </Filter>
    <Filter Include="Quelldateien\MetaChain\Network">
      <UniqueIdentifier>{e39a9f6e-eadb-46ff-b786-65c784dca28f}</UniqueIdentifier>
    </Filter>
    <Filter Include="Headerdateien\crypto">
      <UniqueIdentifier>{12e56a8c-08a0-479a-b821-aba41667cc4e}</UniqueIdentifier>
    </Filter>
    <Filter Include="Quelldateien\crypto">
      <UniqueIdentifier>{fdc1941e-3382-4506-a34f-5a97bdec9b37}</UniqueIdentifier>
    </Filter>
    <Filter Include="Quelldateien\crypto\ctaes">
      <UniqueIdentifier>{a5763f89-6799-41fc-b93f-217e06a9ee15}</UniqueIdentifier>
    </Filter>
    <Filter Include="Headerdateien\crypto\ctaes">
      <UniqueIdentifier>{0693a8b4-e7c0-4016-8c30-162d7b075f9c}</UniqueIdentifier>
    </Filter>
    <Filter Include="Headerdateien\IO">
      <UniqueIdentifier>{62614215-b6ee-4cfd-8cf7-d781436465f5}</UniqueIdentifier>
    </Filter>
    <Filter Include="Quelldateien\IO">
      <UniqueIdentifier>{b25a3d66-d4ff-4216-ba70-b6e082b11b61}</UniqueIdentifier>
    </Filter>
  </ItemGroup>
  <ItemGroup>
    <ClInclude Include="targetver.h">
      <Filter>Headerdateien</Filter>
    </ClInclude>
    <ClInclude Include="src\external\SimpleIni.h">
      <Filter>Headerdateien</Filter>
    </ClInclude>
    <ClInclude Include="src\defines.h">
      <Filter>Headerdateien</Filter>
    </ClInclude>
    <ClInclude Include="src\logger.h">
      <Filter>Headerdateien\Logger</Filter>
    </ClInclude>
    <ClInclude Include="src\network\NetworkManager.h">
      <Filter>Headerdateien\MetaChain\Network</Filter>
    </ClInclude>
    <ClInclude Include="src\MetaChain.h">
      <Filter>Headerdateien\MetaChain</Filter>
    </ClInclude>
    <ClInclude Include="src\network\CNetAddr.h">
      <Filter>Headerdateien\MetaChain\Network</Filter>
    </ClInclude>
    <ClInclude Include="src\network\CSubNet.h">
      <Filter>Headerdateien\MetaChain\Network</Filter>
    </ClInclude>
    <ClInclude Include="src\network\CService.h">
      <Filter>Headerdateien\MetaChain\Network</Filter>
    </ClInclude>
    <ClInclude Include="src\external\tinyformat.h">
      <Filter>Headerdateien</Filter>
    </ClInclude>
    <ClInclude Include="src\external\uint256.h">
      <Filter>Headerdateien</Filter>
    </ClInclude>
    <ClInclude Include="src\external\endian.h">
      <Filter>Headerdateien</Filter>
    </ClInclude>
    <ClInclude Include="src\external\byteswap.h">
      <Filter>Headerdateien</Filter>
    </ClInclude>
    <ClInclude Include="src\external\hash.h">
      <Filter>Headerdateien</Filter>
    </ClInclude>
    <ClInclude Include="src\external\crypto\hmac_sha256.h">
      <Filter>Headerdateien\crypto</Filter>
    </ClInclude>
    <ClInclude Include="src\external\crypto\hmac_sha512.h">
      <Filter>Headerdateien\crypto</Filter>
    </ClInclude>
    <ClInclude Include="src\external\crypto\ripemd160.h">
      <Filter>Headerdateien\crypto</Filter>
    </ClInclude>
    <ClInclude Include="src\external\crypto\sha1.h">
      <Filter>Headerdateien\crypto</Filter>
    </ClInclude>
    <ClInclude Include="src\external\crypto\sha256.h">
      <Filter>Headerdateien\crypto</Filter>
    </ClInclude>
    <ClInclude Include="src\external\crypto\sha512.h">
      <Filter>Headerdateien\crypto</Filter>
    </ClInclude>
    <ClInclude Include="src\external\crypto\aes.h">
      <Filter>Headerdateien\crypto</Filter>
    </ClInclude>
    <ClInclude Include="src\external\crypto\chacha20.h">
      <Filter>Headerdateien\crypto</Filter>
    </ClInclude>
    <ClInclude Include="src\external\prevector.h">
      <Filter>Headerdateien</Filter>
    </ClInclude>
    <ClInclude Include="src\external\utilstrencodings.h">
      <Filter>Headerdateien</Filter>
    </ClInclude>
    <ClInclude Include="src\external\crypto\common.h">
      <Filter>Headerdateien\crypto</Filter>
    </ClInclude>
    <ClInclude Include="src\external\crypto\ctaes\ctaes.h">
      <Filter>Headerdateien\crypto\ctaes</Filter>
    </ClInclude>
    <ClInclude Include="src\external\cThreadInterrupt.h">
      <Filter>Headerdateien</Filter>
    </ClInclude>
    <ClInclude Include="src\functions.h">
      <Filter>Headerdateien</Filter>
    </ClInclude>
    <ClInclude Include="src\external\scheduler.h">
      <Filter>Headerdateien</Filter>
    </ClInclude>
    <ClInclude Include="src\external\random.h">
      <Filter>Headerdateien</Filter>
    </ClInclude>
    <ClInclude Include="src\external\reverselock.h">
      <Filter>Headerdateien</Filter>
    </ClInclude>
    <ClInclude Include="src\io\ipContainer.h">
      <Filter>Headerdateien\IO</Filter>
    </ClInclude>
    <ClInclude Include="src\io\netPeers.h">
      <Filter>Headerdateien\IO</Filter>
    </ClInclude>
    <ClInclude Include="src\external\cSemaphore.h">
      <Filter>Headerdateien</Filter>
    </ClInclude>
    <ClInclude Include="src\external\cCriticalSection.h">
      <Filter>Headerdateien</Filter>
    </ClInclude>
    <ClInclude Include="src\network\netMessage.h">
      <Filter>Headerdateien\MetaChain\Network</Filter>
    </ClInclude>
    <ClInclude Include="src\external\zeroAfterFree.h">
      <Filter>Headerdateien</Filter>
    </ClInclude>
    <ClInclude Include="src\external\cDataStream.h">
      <Filter>Headerdateien</Filter>
    </ClInclude>
    <ClInclude Include="src\external\crypto\cHash256.h">
      <Filter>Headerdateien\crypto</Filter>
    </ClInclude>
    <ClInclude Include="src\external\ArgsManager.h">
      <Filter>Headerdateien</Filter>
    </ClInclude>
  </ItemGroup>
  <ItemGroup>
    <ClCompile Include="node.cpp">
      <Filter>Quelldateien</Filter>
    </ClCompile>
    <ClCompile Include="src\network\NetworkManager.cpp">
      <Filter>Quelldateien\MetaChain\Network</Filter>
    </ClCompile>
    <ClCompile Include="src\MetaChain.cpp">
      <Filter>Quelldateien\MetaChain</Filter>
    </ClCompile>
    <ClCompile Include="src\logger.cpp">
      <Filter>Quelldateien\Logger</Filter>
    </ClCompile>
    <ClCompile Include="src\network\CNetAddr.cpp">
      <Filter>Quelldateien\MetaChain\Network</Filter>
    </ClCompile>
    <ClCompile Include="src\network\CService.cpp">
      <Filter>Quelldateien\MetaChain\Network</Filter>
    </ClCompile>
    <ClCompile Include="src\network\CSubnet.cpp">
      <Filter>Quelldateien\MetaChain\Network</Filter>
    </ClCompile>
    <ClCompile Include="src\external\uint256.cpp">
      <Filter>Quelldateien</Filter>
    </ClCompile>
    <ClCompile Include="src\external\hash.cpp">
      <Filter>Quelldateien</Filter>
    </ClCompile>
    <ClCompile Include="src\external\crypto\hmac_sha512.cpp">
      <Filter>Quelldateien\crypto</Filter>
    </ClCompile>
    <ClCompile Include="src\external\crypto\ripemd160.cpp">
      <Filter>Quelldateien\crypto</Filter>
    </ClCompile>
    <ClCompile Include="src\external\crypto\sha1.cpp">
      <Filter>Quelldateien\crypto</Filter>
    </ClCompile>
    <ClCompile Include="src\external\crypto\sha256.cpp">
      <Filter>Quelldateien\crypto</Filter>
    </ClCompile>
    <ClCompile Include="src\external\crypto\sha512.cpp">
      <Filter>Quelldateien\crypto</Filter>
    </ClCompile>
    <ClCompile Include="src\external\crypto\aes.cpp">
      <Filter>Quelldateien\crypto</Filter>
    </ClCompile>
    <ClCompile Include="src\external\crypto\chacha20.cpp">
      <Filter>Quelldateien\crypto</Filter>
    </ClCompile>
    <ClCompile Include="src\external\crypto\hmac_sha256.cpp">
      <Filter>Quelldateien\crypto</Filter>
    </ClCompile>
    <ClCompile Include="src\external\utilstrencodings.cpp">
      <Filter>Quelldateien</Filter>
    </ClCompile>
    <ClCompile Include="src\external\crypto\ctaes\ctaes.c">
      <Filter>Quelldateien\crypto\ctaes</Filter>
    </ClCompile>
    <ClCompile Include="src\external\cThreadInterrupt.cpp">
      <Filter>Quelldateien</Filter>
    </ClCompile>
    <ClCompile Include="src\functions.cpp">
      <Filter>Quelldateien</Filter>
    </ClCompile>
    <ClCompile Include="src\external\scheduler.cpp">
      <Filter>Quelldateien</Filter>
    </ClCompile>
    <ClCompile Include="src\external\random.cpp">
      <Filter>Quelldateien</Filter>
    </ClCompile>
    <ClCompile Include="src\io\netPeers.cpp">
      <Filter>Quelldateien\IO</Filter>
    </ClCompile>
    <ClCompile Include="src\network\netMessage.cpp">
      <Filter>Quelldateien\MetaChain\Network</Filter>
    </ClCompile>
    <ClCompile Include="src\external\ArgsManager.cpp">
      <Filter>Quelldateien</Filter>
    </ClCompile>
  </ItemGroup>
</Project>